
Microsoft Visual Studio Solution File, Format Version 12.00
# Visual Studio Version 17
VisualStudioVersion = 17.8.34525.116
MinimumVisualStudioVersion = 10.0.40219.1
Project("{FAE04EC0-301F-11D3-BF4B-00C04F79EFBC}") = "PRJ_Formulario", "PRJ_Formulario.csproj", "{F178C4E8-C435-4ED1-8E58-AFEE5A1F8A6A}"
EndProject
Global
	GlobalSection(SolutionConfigurationPlatforms) = preSolution
		Debug|Any CPU = Debug|Any CPU
		Release|Any CPU = Release|Any CPU
	EndGlobalSection
	GlobalSection(ProjectConfigurationPlatforms) = postSolution
		{F178C4E8-C435-4ED1-8E58-AFEE5A1F8A6A}.Debug|Any CPU.ActiveCfg = Debug|Any CPU
		{F178C4E8-C435-4ED1-8E58-AFEE5A1F8A6A}.Debug|Any CPU.Build.0 = Debug|Any CPU
		{F178C4E8-C435-4ED1-8E58-AFEE5A1F8A6A}.Release|Any CPU.ActiveCfg = Release|Any CPU
		{F178C4E8-C435-4ED1-8E58-AFEE5A1F8A6A}.Release|Any CPU.Build.0 = Release|Any CPU
	EndGlobalSection
	GlobalSection(SolutionProperties) = preSolution
		HideSolutionNode = FALSE
	EndGlobalSection
	GlobalSection(ExtensibilityGlobals) = postSolution
		SolutionGuid = {3FD28282-1E06-44D8-AE6F-D769787F16FD}
	EndGlobalSection
EndGlobal
